
Microsoft Visual Studio Solution File, Format Version 12.00
# Visual Studio Version 17
VisualStudioVersion = 17.11.35222.181
MinimumVisualStudioVersion = 10.0.40219.1
Project("{FAE04EC0-301F-11D3-BF4B-00C04F79EFBC}") = "MineriosAPI", "MineriosAPI\MineriosAPI.csproj", "{2B7EE6D2-01AB-4DA8-9162-6BD5151F833C}"
EndProject
Global
	GlobalSection(SolutionConfigurationPlatforms) = preSolution
		Debug|Any CPU = Debug|Any CPU
		Release|Any CPU = Release|Any CPU
	EndGlobalSection
	GlobalSection(ProjectConfigurationPlatforms) = postSolution
		{2B7EE6D2-01AB-4DA8-9162-6BD5151F833C}.Debug|Any CPU.ActiveCfg = Debug|Any CPU
		{2B7EE6D2-01AB-4DA8-9162-6BD5151F833C}.Debug|Any CPU.Build.0 = Debug|Any CPU
		{2B7EE6D2-01AB-4DA8-9162-6BD5151F833C}.Release|Any CPU.ActiveCfg = Release|Any CPU
		{2B7EE6D2-01AB-4DA8-9162-6BD5151F833C}.Release|Any CPU.Build.0 = Release|Any CPU
	EndGlobalSection
	GlobalSection(SolutionProperties) = preSolution
		HideSolutionNode = FALSE
	EndGlobalSection
	GlobalSection(ExtensibilityGlobals) = postSolution
		SolutionGuid = {E0CCC852-1232-42FA-9B96-9AD3743C2EC5}
	EndGlobalSection
EndGlobal
